// !$*UTF8*$!
{
	archiveVersion = 1;
	classes = {
	};
	objectVersion = 70;
	objects = {

/* Begin PBXBuildFile section */
		BB1111111111111111111111 /* DSXCUITestApp.swift in Sources */ = {isa = PBXBuildFile; fileRef = AA1111111111111111111111 /* DSXCUITestApp.swift */; };
		BB2222222222222222222222 /* AppState.swift in Sources */ = {isa = PBXBuildFile; fileRef = AA2222222222222222222222 /* AppState.swift */; };
		BB3333333333333333333333 /* LoginView.swift in Sources */ = {isa = PBXBuildFile; fileRef = AA3333333333333333333333 /* LoginView.swift */; };
		BB4444444444444444444444 /* HomeView.swift in Sources */ = {isa = PBXBuildFile; fileRef = AA4444444444444444444444 /* HomeView.swift */; };
		BB5555555555555555555555 /* SettingsView.swift in Sources */ = {isa = PBXBuildFile; fileRef = AA5555555555555555555555 /* SettingsView.swift */; };
		BB6666666666666666666666 /* Assets.xcassets in Resources */ = {isa = PBXBuildFile; fileRef = AA6666666666666666666666 /* Assets.xcassets */; };
		BB7777777777777777777777 /* DSXCUITestAppUITests.swift in Sources */ = {isa = PBXBuildFile; fileRef = AA7777777777777777777777 /* DSXCUITestAppUITests.swift */; };
		F92E33712F7DAC1B00BE8D17 /* BaseUITest.swift in Sources */ = {isa = PBXBuildFile; fileRef = F92E33702F7DAC1500BE8D17 /* BaseUITest.swift */; };
		F92E33732F7DAC3100BE8D17 /* XCUIApplication+Launch.swift in Sources */ = {isa = PBXBuildFile; fileRef = F92E33722F7DAC2500BE8D17 /* XCUIApplication+Launch.swift */; };
		F92E337E2F7DAC6200BE8D17 /* XCUIElement+Typing.swift in Sources */ = {isa = PBXBuildFile; fileRef = F92E337D2F7DAC5300BE8D17 /* XCUIElement+Typing.swift */; };
		F92E33802F7DAC6E00BE8D17 /* TestUsers.swift in Sources */ = {isa = PBXBuildFile; fileRef = F92E337F2F7DAC6A00BE8D17 /* TestUsers.swift */; };
		F92E33822F7DAD2500BE8D17 /* LoginTests.swift in Sources */ = {isa = PBXBuildFile; fileRef = F92E33812F7DAD2100BE8D17 /* LoginTests.swift */; };
		F92E33842F7DAD2E00BE8D17 /* HomeTests.swift in Sources */ = {isa = PBXBuildFile; fileRef = F92E33832F7DAD2B00BE8D17 /* HomeTests.swift */; };
		F92E33862F7DAD3500BE8D17 /* SettingsTests.swift in Sources */ = {isa = PBXBuildFile; fileRef = F92E33852F7DAD3200BE8D17 /* SettingsTests.swift */; };
/* End PBXBuildFile section */

/* Begin PBXContainerItemProxy section */
		EE1111111111111111111111 /* PBXContainerItemProxy */ = {
			isa = PBXContainerItemProxy;
			containerPortal = JJ1111111111111111111111 /* Project object */;
			proxyType = 1;
			remoteGlobalIDString = TT1111111111111111111111;
			remoteInfo = DSXCUITestApp;
		};
/* End PBXContainerItemProxy section */

/* Begin PBXFileReference section */
		AA1111111111111111111111 /* DSXCUITestApp.swift */ = {isa = PBXFileReference; lastKnownFileType = sourcecode.swift; path = DSXCUITestApp.swift; sourceTree = "<group>"; };
		AA2222222222222222222222 /* AppState.swift */ = {isa = PBXFileReference; lastKnownFileType = sourcecode.swift; path = AppState.swift; sourceTree = "<group>"; };
		AA3333333333333333333333 /* LoginView.swift */ = {isa = PBXFileReference; lastKnownFileType = sourcecode.swift; path = LoginView.swift; sourceTree = "<group>"; };
		AA4444444444444444444444 /* HomeView.swift */ = {isa = PBXFileReference; lastKnownFileType = sourcecode.swift; path = HomeView.swift; sourceTree = "<group>"; };
		AA5555555555555555555555 /* SettingsView.swift */ = {isa = PBXFileReference; lastKnownFileType = sourcecode.swift; path = SettingsView.swift; sourceTree = "<group>"; };
		AA6666666666666666666666 /* Assets.xcassets */ = {isa = PBXFileReference; lastKnownFileType = folder.assetcatalog; path = Assets.xcassets; sourceTree = "<group>"; };
		AA7777777777777777777777 /* DSXCUITestAppUITests.swift */ = {isa = PBXFileReference; lastKnownFileType = sourcecode.swift; path = DSXCUITestAppUITests.swift; sourceTree = "<group>"; };
		F92E33702F7DAC1500BE8D17 /* BaseUITest.swift */ = {isa = PBXFileReference; lastKnownFileType = sourcecode.swift; path = BaseUITest.swift; sourceTree = "<group>"; };
		F92E33722F7DAC2500BE8D17 /* XCUIApplication+Launch.swift */ = {isa = PBXFileReference; lastKnownFileType = sourcecode.swift; path = "XCUIApplication+Launch.swift"; sourceTree = "<group>"; };
		F92E337D2F7DAC5300BE8D17 /* XCUIElement+Typing.swift */ = {isa = PBXFileReference; lastKnownFileType = sourcecode.swift; path = "XCUIElement+Typing.swift"; sourceTree = "<group>"; };
		F92E337F2F7DAC6A00BE8D17 /* TestUsers.swift */ = {isa = PBXFileReference; lastKnownFileType = sourcecode.swift; path = TestUsers.swift; sourceTree = "<group>"; };
		F92E33812F7DAD2100BE8D17 /* LoginTests.swift */ = {isa = PBXFileReference; lastKnownFileType = sourcecode.swift; path = LoginTests.swift; sourceTree = "<group>"; };
		F92E33832F7DAD2B00BE8D17 /* HomeTests.swift */ = {isa = PBXFileReference; lastKnownFileType = sourcecode.swift; path = HomeTests.swift; sourceTree = "<group>"; };
		F92E33852F7DAD3200BE8D17 /* SettingsTests.swift */ = {isa = PBXFileReference; lastKnownFileType = sourcecode.swift; path = SettingsTests.swift; sourceTree = "<group>"; };
		F92E33872F7DAEEE00BE8D17 /* DSXCUITestApp.xctestplan */ = {isa = PBXFileReference; lastKnownFileType = text; path = DSXCUITestApp.xctestplan; sourceTree = "<group>"; };
		RR1111111111111111111111 /* DSXCUITestApp.app */ = {isa = PBXFileReference; explicitFileType = wrapper.application; includeInIndex = 0; path = DSXCUITestApp.app; sourceTree = BUILT_PRODUCTS_DIR; };
		RR2222222222222222222222 /* DSXCUITestAppUITests.xctest */ = {isa = PBXFileReference; explicitFileType = wrapper.cfbundle; includeInIndex = 0; path = DSXCUITestAppUITests.xctest; sourceTree = BUILT_PRODUCTS_DIR; };
/* End PBXFileReference section */

/* Begin PBXFileSystemSynchronizedRootGroup section */
		F92E336C2F7CFD8D00BE8D17 /* Pages */ = {isa = PBXFileSystemSynchronizedRootGroup; explicitFileTypes = {}; explicitFolders = (); path = Pages; sourceTree = "<group>"; };
/* End PBXFileSystemSynchronizedRootGroup section */

/* Begin PBXFrameworksBuildPhase section */
		PP3333333333333333333333 /* Frameworks */ = {
			isa = PBXFrameworksBuildPhase;
			buildActionMask = 2147483647;
			files = (
			);
			runOnlyForDeploymentPostprocessing = 0;
		};
		PP6666666666666666666666 /* Frameworks */ = {
			isa = PBXFrameworksBuildPhase;
			buildActionMask = 2147483647;
			files = (
			);
			runOnlyForDeploymentPostprocessing = 0;
		};
/* End PBXFrameworksBuildPhase section */

/* Begin PBXGroup section */
		F92E33682F7CFD6E00BE8D17 /* App */ = {
			isa = PBXGroup;
			children = (
				AA1111111111111111111111 /* DSXCUITestApp.swift */,
			);
			path = App;
			sourceTree = "<group>";
		};
		F92E33692F7CFD7500BE8D17 /* Models */ = {
			isa = PBXGroup;
			children = (
				AA2222222222222222222222 /* AppState.swift */,
			);
			path = Models;
			sourceTree = "<group>";
		};
		F92E336A2F7CFD7C00BE8D17 /* Screens */ = {
			isa = PBXGroup;
			children = (
				AA4444444444444444444444 /* HomeView.swift */,
				AA3333333333333333333333 /* LoginView.swift */,
				AA5555555555555555555555 /* SettingsView.swift */,
			);
			path = Screens;
			sourceTree = "<group>";
		};
		F92E336B2F7CFD8600BE8D17 /* Base */ = {
			isa = PBXGroup;
			children = (
				F92E33722F7DAC2500BE8D17 /* XCUIApplication+Launch.swift */,
				F92E33702F7DAC1500BE8D17 /* BaseUITest.swift */,
			);
			path = Base;
			sourceTree = "<group>";
		};
		F92E336D2F7CFD9E00BE8D17 /* Helpers */ = {
			isa = PBXGroup;
			children = (
				F92E337D2F7DAC5300BE8D17 /* XCUIElement+Typing.swift */,
			);
			path = Helpers;
			sourceTree = "<group>";
		};
		F92E336E2F7CFDA600BE8D17 /* Fixtures */ = {
			isa = PBXGroup;
			children = (
				F92E337F2F7DAC6A00BE8D17 /* TestUsers.swift */,
			);
			path = Fixtures;
			sourceTree = "<group>";
		};
		F92E336F2F7CFDAC00BE8D17 /* Tests */ = {
			isa = PBXGroup;
			children = (
				F92E33852F7DAD3200BE8D17 /* SettingsTests.swift */,
				F92E33832F7DAD2B00BE8D17 /* HomeTests.swift */,
				F92E33812F7DAD2100BE8D17 /* LoginTests.swift */,
				AA7777777777777777777777 /* DSXCUITestAppUITests.swift */,
			);
			path = Tests;
			sourceTree = "<group>";
		};
		GG1111111111111111111111 = {
			isa = PBXGroup;
			children = (
				F92E33872F7DAEEE00BE8D17 /* DSXCUITestApp.xctestplan */,
				GG2222222222222222222222 /* DSXCUITestApp */,
				GG3333333333333333333333 /* DSXCUITestAppUITests */,
				GG4444444444444444444444 /* Products */,
			);
			sourceTree = "<group>";
		};
		GG2222222222222222222222 /* DSXCUITestApp */ = {
			isa = PBXGroup;
			children = (
				F92E33682F7CFD6E00BE8D17 /* App */,
				F92E33692F7CFD7500BE8D17 /* Models */,
				F92E336A2F7CFD7C00BE8D17 /* Screens */,
				AA6666666666666666666666 /* Assets.xcassets */,
			);
			path = DSXCUITestApp;
			sourceTree = "<group>";
		};
		GG3333333333333333333333 /* DSXCUITestAppUITests */ = {
			isa = PBXGroup;
			children = (
				F92E336F2F7CFDAC00BE8D17 /* Tests */,
				F92E336E2F7CFDA600BE8D17 /* Fixtures */,
				F92E336D2F7CFD9E00BE8D17 /* Helpers */,
				F92E336C2F7CFD8D00BE8D17 /* Pages */,
				F92E336B2F7CFD8600BE8D17 /* Base */,
			);
			path = DSXCUITestAppUITests;
			sourceTree = "<group>";
		};
		GG4444444444444444444444 /* Products */ = {
			isa = PBXGroup;
			children = (
				RR1111111111111111111111 /* DSXCUITestApp.app */,
				RR2222222222222222222222 /* DSXCUITestAppUITests.xctest */,
			);
			name = Products;
			sourceTree = "<group>";
		};
/* End PBXGroup section */

/* Begin PBXNativeTarget section */
		TT1111111111111111111111 /* DSXCUITestApp */ = {
			isa = PBXNativeTarget;
			buildConfigurationList = LL2222222222222222222222 /* Build configuration list for PBXNativeTarget "DSXCUITestApp" */;
			buildPhases = (
				PP1111111111111111111111 /* Sources */,
				PP2222222222222222222222 /* Resources */,
				PP3333333333333333333333 /* Frameworks */,
			);
			buildRules = (
			);
			dependencies = (
			);
			name = DSXCUITestApp;
			productName = DSXCUITestApp;
			productReference = RR1111111111111111111111 /* DSXCUITestApp.app */;
			productType = "com.apple.product-type.application";
		};
		TT2222222222222222222222 /* DSXCUITestAppUITests */ = {
			isa = PBXNativeTarget;
			buildConfigurationList = LL3333333333333333333333 /* Build configuration list for PBXNativeTarget "DSXCUITestAppUITests" */;
			buildPhases = (
				PP4444444444444444444444 /* Sources */,
				PP5555555555555555555555 /* Resources */,
				PP6666666666666666666666 /* Frameworks */,
			);
			buildRules = (
			);
			dependencies = (
				DD1111111111111111111111 /* PBXTargetDependency */,
			);
			fileSystemSynchronizedGroups = (
				F92E336C2F7CFD8D00BE8D17 /* Pages */,
			);
			name = DSXCUITestAppUITests;
			productName = DSXCUITestAppUITests;
			productReference = RR2222222222222222222222 /* DSXCUITestAppUITests.xctest */;
			productType = "com.apple.product-type.bundle.ui-testing";
		};
/* End PBXNativeTarget section */

/* Begin PBXProject section */
		JJ1111111111111111111111 /* Project object */ = {
			isa = PBXProject;
			attributes = {
				BuildIndependentTargetsInParallel = 1;
				LastSwiftUpdateCheck = 1500;
				LastUpgradeCheck = 2600;
				TargetAttributes = {
					TT1111111111111111111111 = {
						CreatedOnToolsVersion = 15.0;
					};
					TT2222222222222222222222 = {
						CreatedOnToolsVersion = 15.0;
						TestTargetID = TT1111111111111111111111;
					};
				};
			};
			buildConfigurationList = LL1111111111111111111111 /* Build configuration list for PBXProject "DSXCUITestApp" */;
			compatibilityVersion = "Xcode 14.0";
			developmentRegion = en;
			hasScannedForEncodings = 0;
			knownRegions = (
				en,
				Base,
			);
			mainGroup = GG1111111111111111111111;
			productRefGroup = GG4444444444444444444444 /* Products */;
			projectDirPath = "";
			projectRoot = "";
			targets = (
				TT1111111111111111111111 /* DSXCUITestApp */,
				TT2222222222222222222222 /* DSXCUITestAppUITests */,
			);
		};
/* End PBXProject section */

/* Begin PBXResourcesBuildPhase section */
		PP2222222222222222222222 /* Resources */ = {
			isa = PBXResourcesBuildPhase;
			buildActionMask = 2147483647;
			files = (
				BB6666666666666666666666 /* Assets.xcassets in Resources */,
			);
			runOnlyForDeploymentPostprocessing = 0;
		};
		PP5555555555555555555555 /* Resources */ = {
			isa = PBXResourcesBuildPhase;
			buildActionMask = 2147483647;
			files = (
			);
			runOnlyForDeploymentPostprocessing = 0;
		};
/* End PBXResourcesBuildPhase section */

/* Begin PBXSourcesBuildPhase section */
		PP1111111111111111111111 /* Sources */ = {
			isa = PBXSourcesBuildPhase;
			buildActionMask = 2147483647;
			files = (
				BB1111111111111111111111 /* DSXCUITestApp.swift in Sources */,
				BB2222222222222222222222 /* AppState.swift in Sources */,
				BB3333333333333333333333 /* LoginView.swift in Sources */,
				BB4444444444444444444444 /* HomeView.swift in Sources */,
				BB5555555555555555555555 /* SettingsView.swift in Sources */,
			);
			runOnlyForDeploymentPostprocessing = 0;
		};
		PP4444444444444444444444 /* Sources */ = {
			isa = PBXSourcesBuildPhase;
			buildActionMask = 2147483647;
			files = (
				F92E33842F7DAD2E00BE8D17 /* HomeTests.swift in Sources */,
				F92E33862F7DAD3500BE8D17 /* SettingsTests.swift in Sources */,
				F92E337E2F7DAC6200BE8D17 /* XCUIElement+Typing.swift in Sources */,
				F92E33822F7DAD2500BE8D17 /* LoginTests.swift in Sources */,
				F92E33732F7DAC3100BE8D17 /* XCUIApplication+Launch.swift in Sources */,
				F92E33802F7DAC6E00BE8D17 /* TestUsers.swift in Sources */,
				F92E33712F7DAC1B00BE8D17 /* BaseUITest.swift in Sources */,
				BB7777777777777777777777 /* DSXCUITestAppUITests.swift in Sources */,
			);
			runOnlyForDeploymentPostprocessing = 0;
		};
/* End PBXSourcesBuildPhase section */

/* Begin PBXTargetDependency section */
		DD1111111111111111111111 /* PBXTargetDependency */ = {
			isa = PBXTargetDependency;
			target = TT1111111111111111111111 /* DSXCUITestApp */;
			targetProxy = EE1111111111111111111111 /* PBXContainerItemProxy */;
		};
/* End PBXTargetDependency section */

/* Begin XCBuildConfiguration section */
		CC1111111111111111111111 /* Debug */ = {
			isa = XCBuildConfiguration;
			buildSettings = {
				ALWAYS_SEARCH_USER_PATHS = NO;
				ASSETCATALOG_COMPILER_GENERATE_SWIFT_ASSET_SYMBOL_EXTENSIONS = YES;
				CLANG_ANALYZER_NONNULL = YES;
				CLANG_ANALYZER_NUMBER_OBJECT_CONVERSION = YES_AGGRESSIVE;
				CLANG_CXX_LANGUAGE_STANDARD = "gnu++20";
				CLANG_ENABLE_MODULES = YES;
				CLANG_ENABLE_OBJC_ARC = YES;
				CLANG_ENABLE_OBJC_WEAK = YES;
				CLANG_WARN_BLOCK_CAPTURE_AUTORELEASING = YES;
				CLANG_WARN_BOOL_CONVERSION = YES;
				CLANG_WARN_COMMA = YES;
				CLANG_WARN_CONSTANT_CONVERSION = YES;
				CLANG_WARN_DEPRECATED_OBJC_IMPLEMENTATIONS = YES;
				CLANG_WARN_DIRECT_OBJC_ISA_USAGE = YES_ERROR;
				CLANG_WARN_DOCUMENTATION_COMMENTS = YES;
				CLANG_WARN_EMPTY_BODY = YES;
				CLANG_WARN_ENUM_CONVERSION = YES;
				CLANG_WARN_INFINITE_RECURSION = YES;
				CLANG_WARN_INT_CONVERSION = YES;
				CLANG_WARN_NON_LITERAL_NULL_CONVERSION = YES;
				CLANG_WARN_OBJC_IMPLICIT_RETAIN_SELF = YES;
				CLANG_WARN_OBJC_LITERAL_CONVERSION = YES;
				CLANG_WARN_OBJC_ROOT_CLASS = YES_ERROR;
				CLANG_WARN_QUOTED_INCLUDE_IN_FRAMEWORK_HEADER = YES;
				CLANG_WARN_RANGE_LOOP_ANALYSIS = YES;
				CLANG_WARN_STRICT_PROTOTYPES = YES;
				CLANG_WARN_SUSPICIOUS_MOVE = YES;
				CLANG_WARN_UNGUARDED_AVAILABILITY = YES_AGGRESSIVE;
				CLANG_WARN_UNREACHABLE_CODE = YES;
				CLANG_WARN__DUPLICATE_METHOD_MATCH = YES;
				COPY_PHASE_STRIP = NO;
				DEBUG_INFORMATION_FORMAT = dwarf;
				ENABLE_STRICT_OBJC_MSGSEND = YES;
				ENABLE_TESTABILITY = YES;
				ENABLE_USER_SCRIPT_SANDBOXING = YES;
				GCC_C_LANGUAGE_STANDARD = gnu17;
				GCC_DYNAMIC_NO_PIC = NO;
				GCC_NO_COMMON_BLOCKS = YES;
				GCC_OPTIMIZATION_LEVEL = 0;
				GCC_PREPROCESSOR_DEFINITIONS = (
					"DEBUG=1",
					"$(inherited)",
				);
				GCC_WARN_64_TO_32_BIT_CONVERSION = YES;
				GCC_WARN_ABOUT_RETURN_TYPE = YES_ERROR;
				GCC_WARN_UNDECLARED_SELECTOR = YES;
				GCC_WARN_UNINITIALIZED_AUTOS = YES_AGGRESSIVE;
				GCC_WARN_UNUSED_FUNCTION = YES;
				GCC_WARN_UNUSED_VARIABLE = YES;
				IPHONEOS_DEPLOYMENT_TARGET = 17.0;
				MTL_ENABLE_DEBUG_INFO = INCLUDE_SOURCE;
				MTL_FAST_MATH = YES;
				ONLY_ACTIVE_ARCH = YES;
				SDKROOT = iphoneos;
				STRING_CATALOG_GENERATE_SYMBOLS = YES;
				SWIFT_ACTIVE_COMPILATION_CONDITIONS = "DEBUG $(inherited)";
				SWIFT_OPTIMIZATION_LEVEL = "-Onone";
			};
			name = Debug;
		};
		CC2222222222222222222222 /* Release */ = {
			isa = XCBuildConfiguration;
			buildSettings = {
				ALWAYS_SEARCH_USER_PATHS = NO;
				ASSETCATALOG_COMPILER_GENERATE_SWIFT_ASSET_SYMBOL_EXTENSIONS = YES;
				CLANG_ANALYZER_NONNULL = YES;
				CLANG_ANALYZER_NUMBER_OBJECT_CONVERSION = YES_AGGRESSIVE;
				CLANG_CXX_LANGUAGE_STANDARD = "gnu++20";
				CLANG_ENABLE_MODULES = YES;
				CLANG_ENABLE_OBJC_ARC = YES;
				CLANG_ENABLE_OBJC_WEAK = YES;
				CLANG_WARN_BLOCK_CAPTURE_AUTORELEASING = YES;
				CLANG_WARN_BOOL_CONVERSION = YES;
				CLANG_WARN_COMMA = YES;
				CLANG_WARN_CONSTANT_CONVERSION = YES;
				CLANG_WARN_DEPRECATED_OBJC_IMPLEMENTATIONS = YES;
				CLANG_WARN_DIRECT_OBJC_ISA_USAGE = YES_ERROR;
				CLANG_WARN_DOCUMENTATION_COMMENTS = YES;
				CLANG_WARN_EMPTY_BODY = YES;
				CLANG_WARN_ENUM_CONVERSION = YES;
				CLANG_WARN_INFINITE_RECURSION = YES;
				CLANG_WARN_INT_CONVERSION = YES;
				CLANG_WARN_NON_LITERAL_NULL_CONVERSION = YES;
				CLANG_WARN_OBJC_IMPLICIT_RETAIN_SELF = YES;
				CLANG_WARN_OBJC_LITERAL_CONVERSION = YES;
				CLANG_WARN_OBJC_ROOT_CLASS = YES_ERROR;
				CLANG_WARN_QUOTED_INCLUDE_IN_FRAMEWORK_HEADER = YES;
				CLANG_WARN_RANGE_LOOP_ANALYSIS = YES;
				CLANG_WARN_STRICT_PROTOTYPES = YES;
				CLANG_WARN_SUSPICIOUS_MOVE = YES;
				CLANG_WARN_UNGUARDED_AVAILABILITY = YES_AGGRESSIVE;
				CLANG_WARN_UNREACHABLE_CODE = YES;
				CLANG_WARN__DUPLICATE_METHOD_MATCH = YES;
				COPY_PHASE_STRIP = NO;
				DEBUG_INFORMATION_FORMAT = "dwarf-with-dsym";
				ENABLE_NS_ASSERTIONS = NO;
				ENABLE_STRICT_OBJC_MSGSEND = YES;
				ENABLE_USER_SCRIPT_SANDBOXING = YES;
				GCC_C_LANGUAGE_STANDARD = gnu17;
				GCC_NO_COMMON_BLOCKS = YES;
				GCC_WARN_64_TO_32_BIT_CONVERSION = YES;
				GCC_WARN_ABOUT_RETURN_TYPE = YES_ERROR;
				GCC_WARN_UNDECLARED_SELECTOR = YES;
				GCC_WARN_UNINITIALIZED_AUTOS = YES_AGGRESSIVE;
				GCC_WARN_UNUSED_FUNCTION = YES;
				GCC_WARN_UNUSED_VARIABLE = YES;
				IPHONEOS_DEPLOYMENT_TARGET = 17.0;
				MTL_FAST_MATH = YES;
				SDKROOT = iphoneos;
				STRING_CATALOG_GENERATE_SYMBOLS = YES;
				SWIFT_COMPILATION_MODE = wholemodule;
			};
			name = Release;
		};
		CC3333333333333333333333 /* Debug */ = {
			isa = XCBuildConfiguration;
			buildSettings = {
				ASSETCATALOG_COMPILER_APPICON_NAME = AppIcon;
				ASSETCATALOG_COMPILER_GLOBAL_ACCENT_COLOR_NAME = AccentColor;
				CODE_SIGN_STYLE = Automatic;
				CURRENT_PROJECT_VERSION = 1;
				DEVELOPMENT_ASSET_PATHS = "";
				DEVELOPMENT_TEAM = 9YQV93C6WC;
				ENABLE_PREVIEWS = YES;
				GENERATE_INFOPLIST_FILE = YES;
				INFOPLIST_KEY_UIApplicationSceneManifest_Generation = YES;
				INFOPLIST_KEY_UIApplicationSupportsIndirectInputEvents = YES;
				INFOPLIST_KEY_UILaunchScreen_Generation = YES;
				INFOPLIST_KEY_UISupportedInterfaceOrientations_iPad = "UIInterfaceOrientationPortrait UIInterfaceOrientationPortraitUpsideDown UIInterfaceOrientationLandscapeLeft UIInterfaceOrientationLandscapeRight";
				INFOPLIST_KEY_UISupportedInterfaceOrientations_iPhone = "UIInterfaceOrientationPortrait UIInterfaceOrientationLandscapeLeft UIInterfaceOrientationLandscapeRight";
				IPHONEOS_DEPLOYMENT_TARGET = 17.0;
				LD_RUNPATH_SEARCH_PATHS = (
					"$(inherited)",
					"@executable_path/Frameworks",
				);
				MARKETING_VERSION = 1.0;
				PRODUCT_BUNDLE_IDENTIFIER = com.dustinsison.DSXCUITestApp;
				PRODUCT_NAME = "$(TARGET_NAME)";
				SWIFT_EMIT_LOC_STRINGS = YES;
				SWIFT_VERSION = 5.0;
				TARGETED_DEVICE_FAMILY = "1,2";
			};
			name = Debug;
		};
		CC4444444444444444444444 /* Release */ = {
			isa = XCBuildConfiguration;
			buildSettings = {
				ASSETCATALOG_COMPILER_APPICON_NAME = AppIcon;
				ASSETCATALOG_COMPILER_GLOBAL_ACCENT_COLOR_NAME = AccentColor;
				CODE_SIGN_STYLE = Automatic;
				CURRENT_PROJECT_VERSION = 1;
				DEVELOPMENT_ASSET_PATHS = "";
				DEVELOPMENT_TEAM = 9YQV93C6WC;
				ENABLE_PREVIEWS = YES;
				GENERATE_INFOPLIST_FILE = YES;
				INFOPLIST_KEY_UIApplicationSceneManifest_Generation = YES;
				INFOPLIST_KEY_UIApplicationSupportsIndirectInputEvents = YES;
				INFOPLIST_KEY_UILaunchScreen_Generation = YES;
				INFOPLIST_KEY_UISupportedInterfaceOrientations_iPad = "UIInterfaceOrientationPortrait UIInterfaceOrientationPortraitUpsideDown UIInterfaceOrientationLandscapeLeft UIInterfaceOrientationLandscapeRight";
				INFOPLIST_KEY_UISupportedInterfaceOrientations_iPhone = "UIInterfaceOrientationPortrait UIInterfaceOrientationLandscapeLeft UIInterfaceOrientationLandscapeRight";
				IPHONEOS_DEPLOYMENT_TARGET = 17.0;
				LD_RUNPATH_SEARCH_PATHS = (
					"$(inherited)",
					"@executable_path/Frameworks",
				);
				MARKETING_VERSION = 1.0;
				PRODUCT_BUNDLE_IDENTIFIER = com.dustinsison.DSXCUITestApp;
				PRODUCT_NAME = "$(TARGET_NAME)";
				SWIFT_EMIT_LOC_STRINGS = YES;
				SWIFT_VERSION = 5.0;
				TARGETED_DEVICE_FAMILY = "1,2";
			};
			name = Release;
		};
		CC5555555555555555555555 /* Debug */ = {
			isa = XCBuildConfiguration;
			buildSettings = {
				CODE_SIGN_STYLE = Automatic;
				CURRENT_PROJECT_VERSION = 1;
				GENERATE_INFOPLIST_FILE = YES;
				IPHONEOS_DEPLOYMENT_TARGET = 17.0;
				MARKETING_VERSION = 1.0;
				PRODUCT_BUNDLE_IDENTIFIER = com.dustinsison.DSXCUITestAppUITests;
				PRODUCT_NAME = "$(TARGET_NAME)";
				SWIFT_EMIT_LOC_STRINGS = NO;
				SWIFT_VERSION = 5.0;
				TARGETED_DEVICE_FAMILY = "1,2";
				TEST_TARGET_NAME = DSXCUITestApp;
			};
			name = Debug;
		};
		CC6666666666666666666666 /* Release */ = {
			isa = XCBuildConfiguration;
			buildSettings = {
				CODE_SIGN_STYLE = Automatic;
				CURRENT_PROJECT_VERSION = 1;
				GENERATE_INFOPLIST_FILE = YES;
				IPHONEOS_DEPLOYMENT_TARGET = 17.0;
				MARKETING_VERSION = 1.0;
				PRODUCT_BUNDLE_IDENTIFIER = com.dustinsison.DSXCUITestAppUITests;
				PRODUCT_NAME = "$(TARGET_NAME)";
				SWIFT_EMIT_LOC_STRINGS = NO;
				SWIFT_VERSION = 5.0;
				TARGETED_DEVICE_FAMILY = "1,2";
				TEST_TARGET_NAME = DSXCUITestApp;
			};
			name = Release;
		};
/* End XCBuildConfiguration section */

/* Begin XCConfigurationList section */
		LL1111111111111111111111 /* Build configuration list for PBXProject "DSXCUITestApp" */ = {
			isa = XCConfigurationList;
			buildConfigurations = (
				CC1111111111111111111111 /* Debug */,
				CC2222222222222222222222 /* Release */,
			);
			defaultConfigurationIsVisible = 0;
			defaultConfigurationName = Release;
		};
		LL2222222222222222222222 /* Build configuration list for PBXNativeTarget "DSXCUITestApp" */ = {
			isa = XCConfigurationList;
			buildConfigurations = (
				CC3333333333333333333333 /* Debug */,
				CC4444444444444444444444 /* Release */,
			);
			defaultConfigurationIsVisible = 0;
			defaultConfigurationName = Release;
		};
		LL3333333333333333333333 /* Build configuration list for PBXNativeTarget "DSXCUITestAppUITests" */ = {
			isa = XCConfigurationList;
			buildConfigurations = (
				CC5555555555555555555555 /* Debug */,
				CC6666666666666666666666 /* Release */,
			);
			defaultConfigurationIsVisible = 0;
			defaultConfigurationName = Release;
		};
/* End XCConfigurationList section */
	};
	rootObject = JJ1111111111111111111111 /* Project object */;
}
